// !$*UTF8*$!
{
	archiveVersion = 1;
	classes = {
	};
	objectVersion = 50;
	objects = {

/* Begin PBXBuildFile section */
		8A482F4C240B3B2B00E2754F /* Team.swift in Sources */ = {isa = PBXBuildFile; fileRef = 8A482F4B240B3B2B00E2754F /* Team.swift */; };
		8A482F4E240B3B7100E2754F /* WebService.swift in Sources */ = {isa = PBXBuildFile; fileRef = 8A482F4D240B3B7100E2754F /* WebService.swift */; };
		8A482F50240B474100E2754F /* HomeViewModel.swift in Sources */ = {isa = PBXBuildFile; fileRef = 8A482F4F240B474100E2754F /* HomeViewModel.swift */; };
		8A726C12240B31D60047F9D6 /* AppDelegate.swift in Sources */ = {isa = PBXBuildFile; fileRef = 8A726C11240B31D60047F9D6 /* AppDelegate.swift */; };
		8A726C14240B31D60047F9D6 /* SceneDelegate.swift in Sources */ = {isa = PBXBuildFile; fileRef = 8A726C13240B31D60047F9D6 /* SceneDelegate.swift */; };
		8A726C1B240B31DA0047F9D6 /* Assets.xcassets in Resources */ = {isa = PBXBuildFile; fileRef = 8A726C1A240B31DA0047F9D6 /* Assets.xcassets */; };
		8A726C1E240B31DA0047F9D6 /* LaunchScreen.storyboard in Resources */ = {isa = PBXBuildFile; fileRef = 8A726C1C240B31DA0047F9D6 /* LaunchScreen.storyboard */; };
		8A726C29240B31DB0047F9D6 /* NBATeamsTests.swift in Sources */ = {isa = PBXBuildFile; fileRef = 8A726C28240B31DB0047F9D6 /* NBATeamsTests.swift */; };
		8A726C34240B31DB0047F9D6 /* NBATeamsUITests.swift in Sources */ = {isa = PBXBuildFile; fileRef = 8A726C33240B31DB0047F9D6 /* NBATeamsUITests.swift */; };
		8A726C42240B33B10047F9D6 /* HomeViewController.swift in Sources */ = {isa = PBXBuildFile; fileRef = 8A726C41240B33B10047F9D6 /* HomeViewController.swift */; };
		8A726C48240B36230047F9D6 /* HomeView.swift in Sources */ = {isa = PBXBuildFile; fileRef = 8A726C47240B36230047F9D6 /* HomeView.swift */; };
/* End PBXBuildFile section */

/* Begin PBXContainerItemProxy section */
		8A726C25240B31DB0047F9D6 /* PBXContainerItemProxy */ = {
			isa = PBXContainerItemProxy;
			containerPortal = 8A726C06240B31D60047F9D6 /* Project object */;
			proxyType = 1;
			remoteGlobalIDString = 8A726C0D240B31D60047F9D6;
			remoteInfo = NBATeams;
		};
		8A726C30240B31DB0047F9D6 /* PBXContainerItemProxy */ = {
			isa = PBXContainerItemProxy;
			containerPortal = 8A726C06240B31D60047F9D6 /* Project object */;
			proxyType = 1;
			remoteGlobalIDString = 8A726C0D240B31D60047F9D6;
			remoteInfo = NBATeams;
		};
/* End PBXContainerItemProxy section */

/* Begin PBXFileReference section */
		8A482F4B240B3B2B00E2754F /* Team.swift */ = {isa = PBXFileReference; lastKnownFileType = sourcecode.swift; path = Team.swift; sourceTree = "<group>"; };
		8A482F4D240B3B7100E2754F /* WebService.swift */ = {isa = PBXFileReference; lastKnownFileType = sourcecode.swift; path = WebService.swift; sourceTree = "<group>"; };
		8A482F4F240B474100E2754F /* HomeViewModel.swift */ = {isa = PBXFileReference; lastKnownFileType = sourcecode.swift; path = HomeViewModel.swift; sourceTree = "<group>"; };
		8A726C0E240B31D60047F9D6 /* NBATeams.app */ = {isa = PBXFileReference; explicitFileType = wrapper.application; includeInIndex = 0; path = NBATeams.app; sourceTree = BUILT_PRODUCTS_DIR; };
		8A726C11240B31D60047F9D6 /* AppDelegate.swift */ = {isa = PBXFileReference; lastKnownFileType = sourcecode.swift; path = AppDelegate.swift; sourceTree = "<group>"; };
		8A726C13240B31D60047F9D6 /* SceneDelegate.swift */ = {isa = PBXFileReference; lastKnownFileType = sourcecode.swift; path = SceneDelegate.swift; sourceTree = "<group>"; };
		8A726C1A240B31DA0047F9D6 /* Assets.xcassets */ = {isa = PBXFileReference; lastKnownFileType = folder.assetcatalog; path = Assets.xcassets; sourceTree = "<group>"; };
		8A726C1D240B31DA0047F9D6 /* Base */ = {isa = PBXFileReference; lastKnownFileType = file.storyboard; name = Base; path = Base.lproj/LaunchScreen.storyboard; sourceTree = "<group>"; };
		8A726C1F240B31DA0047F9D6 /* Info.plist */ = {isa = PBXFileReference; lastKnownFileType = text.plist.xml; path = Info.plist; sourceTree = "<group>"; };
		8A726C24240B31DB0047F9D6 /* NBATeamsTests.xctest */ = {isa = PBXFileReference; explicitFileType = wrapper.cfbundle; includeInIndex = 0; path = NBATeamsTests.xctest; sourceTree = BUILT_PRODUCTS_DIR; };
		8A726C28240B31DB0047F9D6 /* NBATeamsTests.swift */ = {isa = PBXFileReference; lastKnownFileType = sourcecode.swift; path = NBATeamsTests.swift; sourceTree = "<group>"; };
		8A726C2A240B31DB0047F9D6 /* Info.plist */ = {isa = PBXFileReference; lastKnownFileType = text.plist.xml; path = Info.plist; sourceTree = "<group>"; };
		8A726C2F240B31DB0047F9D6 /* NBATeamsUITests.xctest */ = {isa = PBXFileReference; explicitFileType = wrapper.cfbundle; includeInIndex = 0; path = NBATeamsUITests.xctest; sourceTree = BUILT_PRODUCTS_DIR; };
		8A726C33240B31DB0047F9D6 /* NBATeamsUITests.swift */ = {isa = PBXFileReference; lastKnownFileType = sourcecode.swift; path = NBATeamsUITests.swift; sourceTree = "<group>"; };
		8A726C35240B31DB0047F9D6 /* Info.plist */ = {isa = PBXFileReference; lastKnownFileType = text.plist.xml; path = Info.plist; sourceTree = "<group>"; };
		8A726C41240B33B10047F9D6 /* HomeViewController.swift */ = {isa = PBXFileReference; lastKnownFileType = sourcecode.swift; path = HomeViewController.swift; sourceTree = "<group>"; };
		8A726C47240B36230047F9D6 /* HomeView.swift */ = {isa = PBXFileReference; lastKnownFileType = sourcecode.swift; path = HomeView.swift; sourceTree = "<group>"; };
/* End PBXFileReference section */

/* Begin PBXFrameworksBuildPhase section */
		8A726C0B240B31D60047F9D6 /* Frameworks */ = {
			isa = PBXFrameworksBuildPhase;
			buildActionMask = 2147483647;
			files = (
			);
			runOnlyForDeploymentPostprocessing = 0;
		};
		8A726C21240B31DB0047F9D6 /* Frameworks */ = {
			isa = PBXFrameworksBuildPhase;
			buildActionMask = 2147483647;
			files = (
			);
			runOnlyForDeploymentPostprocessing = 0;
		};
		8A726C2C240B31DB0047F9D6 /* Frameworks */ = {
			isa = PBXFrameworksBuildPhase;
			buildActionMask = 2147483647;
			files = (
			);
			runOnlyForDeploymentPostprocessing = 0;
		};
/* End PBXFrameworksBuildPhase section */

/* Begin PBXGroup section */
		8A726C05240B31D60047F9D6 = {
			isa = PBXGroup;
			children = (
				8A726C10240B31D60047F9D6 /* NBATeams */,
				8A726C27240B31DB0047F9D6 /* NBATeamsTests */,
				8A726C32240B31DB0047F9D6 /* NBATeamsUITests */,
				8A726C0F240B31D60047F9D6 /* Products */,
			);
			sourceTree = "<group>";
		};
		8A726C0F240B31D60047F9D6 /* Products */ = {
			isa = PBXGroup;
			children = (
				8A726C0E240B31D60047F9D6 /* NBATeams.app */,
				8A726C24240B31DB0047F9D6 /* NBATeamsTests.xctest */,
				8A726C2F240B31DB0047F9D6 /* NBATeamsUITests.xctest */,
			);
			name = Products;
			sourceTree = "<group>";
		};
		8A726C10240B31D60047F9D6 /* NBATeams */ = {
			isa = PBXGroup;
			children = (
				8A482F4D240B3B7100E2754F /* WebService.swift */,
				8A726C45240B360C0047F9D6 /* Model */,
				8A726C44240B36040047F9D6 /* View */,
				8A726C43240B35FB0047F9D6 /* Controller */,
				8A726C11240B31D60047F9D6 /* AppDelegate.swift */,
				8A726C13240B31D60047F9D6 /* SceneDelegate.swift */,
				8A726C1A240B31DA0047F9D6 /* Assets.xcassets */,
				8A726C1C240B31DA0047F9D6 /* LaunchScreen.storyboard */,
				8A726C1F240B31DA0047F9D6 /* Info.plist */,
			);
			path = NBATeams;
			sourceTree = "<group>";
		};
		8A726C27240B31DB0047F9D6 /* NBATeamsTests */ = {
			isa = PBXGroup;
			children = (
				8A726C28240B31DB0047F9D6 /* NBATeamsTests.swift */,
				8A726C2A240B31DB0047F9D6 /* Info.plist */,
			);
			path = NBATeamsTests;
			sourceTree = "<group>";
		};
		8A726C32240B31DB0047F9D6 /* NBATeamsUITests */ = {
			isa = PBXGroup;
			children = (
				8A726C33240B31DB0047F9D6 /* NBATeamsUITests.swift */,
				8A726C35240B31DB0047F9D6 /* Info.plist */,
			);
			path = NBATeamsUITests;
			sourceTree = "<group>";
		};
		8A726C43240B35FB0047F9D6 /* Controller */ = {
			isa = PBXGroup;
			children = (
				8A726C41240B33B10047F9D6 /* HomeViewController.swift */,
				8A482F4F240B474100E2754F /* HomeViewModel.swift */,
			);
			path = Controller;
			sourceTree = "<group>";
		};
		8A726C44240B36040047F9D6 /* View */ = {
			isa = PBXGroup;
			children = (
				8A726C47240B36230047F9D6 /* HomeView.swift */,
			);
			path = View;
			sourceTree = "<group>";
		};
		8A726C45240B360C0047F9D6 /* Model */ = {
			isa = PBXGroup;
			children = (
				8A482F4B240B3B2B00E2754F /* Team.swift */,
			);
			path = Model;
			sourceTree = "<group>";
		};
/* End PBXGroup section */

/* Begin PBXNativeTarget section */
		8A726C0D240B31D60047F9D6 /* NBATeams */ = {
			isa = PBXNativeTarget;
			buildConfigurationList = 8A726C38240B31DB0047F9D6 /* Build configuration list for PBXNativeTarget "NBATeams" */;
			buildPhases = (
				8A726C0A240B31D60047F9D6 /* Sources */,
				8A726C0B240B31D60047F9D6 /* Frameworks */,
				8A726C0C240B31D60047F9D6 /* Resources */,
			);
			buildRules = (
			);
			dependencies = (
			);
			name = NBATeams;
			productName = NBATeams;
			productReference = 8A726C0E240B31D60047F9D6 /* NBATeams.app */;
			productType = "com.apple.product-type.application";
		};
		8A726C23240B31DB0047F9D6 /* NBATeamsTests */ = {
			isa = PBXNativeTarget;
			buildConfigurationList = 8A726C3B240B31DB0047F9D6 /* Build configuration list for PBXNativeTarget "NBATeamsTests" */;
			buildPhases = (
				8A726C20240B31DB0047F9D6 /* Sources */,
				8A726C21240B31DB0047F9D6 /* Frameworks */,
				8A726C22240B31DB0047F9D6 /* Resources */,
			);
			buildRules = (
			);
			dependencies = (
				8A726C26240B31DB0047F9D6 /* PBXTargetDependency */,
			);
			name = NBATeamsTests;
			productName = NBATeamsTests;
			productReference = 8A726C24240B31DB0047F9D6 /* NBATeamsTests.xctest */;
			productType = "com.apple.product-type.bundle.unit-test";
		};
		8A726C2E240B31DB0047F9D6 /* NBATeamsUITests */ = {
			isa = PBXNativeTarget;
			buildConfigurationList = 8A726C3E240B31DB0047F9D6 /* Build configuration list for PBXNativeTarget "NBATeamsUITests" */;
			buildPhases = (
				8A726C2B240B31DB0047F9D6 /* Sources */,
				8A726C2C240B31DB0047F9D6 /* Frameworks */,
				8A726C2D240B31DB0047F9D6 /* Resources */,
			);
			buildRules = (
			);
			dependencies = (
				8A726C31240B31DB0047F9D6 /* PBXTargetDependency */,
			);
			name = NBATeamsUITests;
			productName = NBATeamsUITests;
			productReference = 8A726C2F240B31DB0047F9D6 /* NBATeamsUITests.xctest */;
			productType = "com.apple.product-type.bundle.ui-testing";
		};
/* End PBXNativeTarget section */

/* Begin PBXProject section */
		8A726C06240B31D60047F9D6 /* Project object */ = {
			isa = PBXProject;
			attributes = {
				LastSwiftUpdateCheck = 1120;
				LastUpgradeCheck = 1120;
				ORGANIZATIONNAME = "Antonio Chan";
				TargetAttributes = {
					8A726C0D240B31D60047F9D6 = {
						CreatedOnToolsVersion = 11.2;
					};
					8A726C23240B31DB0047F9D6 = {
						CreatedOnToolsVersion = 11.2;
						TestTargetID = 8A726C0D240B31D60047F9D6;
					};
					8A726C2E240B31DB0047F9D6 = {
						CreatedOnToolsVersion = 11.2;
						TestTargetID = 8A726C0D240B31D60047F9D6;
					};
				};
			};
			buildConfigurationList = 8A726C09240B31D60047F9D6 /* Build configuration list for PBXProject "NBATeams" */;
			compatibilityVersion = "Xcode 9.3";
			developmentRegion = en;
			hasScannedForEncodings = 0;
			knownRegions = (
				en,
				Base,
			);
			mainGroup = 8A726C05240B31D60047F9D6;
			productRefGroup = 8A726C0F240B31D60047F9D6 /* Products */;
			projectDirPath = "";
			projectRoot = "";
			targets = (
				8A726C0D240B31D60047F9D6 /* NBATeams */,
				8A726C23240B31DB0047F9D6 /* NBATeamsTests */,
				8A726C2E240B31DB0047F9D6 /* NBATeamsUITests */,
			);
		};
/* End PBXProject section */

/* Begin PBXResourcesBuildPhase section */
		8A726C0C240B31D60047F9D6 /* Resources */ = {
			isa = PBXResourcesBuildPhase;
			buildActionMask = 2147483647;
			files = (
				8A726C1E240B31DA0047F9D6 /* LaunchScreen.storyboard in Resources */,
				8A726C1B240B31DA0047F9D6 /* Assets.xcassets in Resources */,
			);
			runOnlyForDeploymentPostprocessing = 0;
		};
		8A726C22240B31DB0047F9D6 /* Resources */ = {
			isa = PBXResourcesBuildPhase;
			buildActionMask = 2147483647;
			files = (
			);
			runOnlyForDeploymentPostprocessing = 0;
		};
		8A726C2D240B31DB0047F9D6 /* Resources */ = {
			isa = PBXResourcesBuildPhase;
			buildActionMask = 2147483647;
			files = (
			);
			runOnlyForDeploymentPostprocessing = 0;
		};
/* End PBXResourcesBuildPhase section */

/* Begin PBXSourcesBuildPhase section */
		8A726C0A240B31D60047F9D6 /* Sources */ = {
			isa = PBXSourcesBuildPhase;
			buildActionMask = 2147483647;
			files = (
				8A726C12240B31D60047F9D6 /* AppDelegate.swift in Sources */,
				8A726C48240B36230047F9D6 /* HomeView.swift in Sources */,
				8A482F50240B474100E2754F /* HomeViewModel.swift in Sources */,
				8A482F4E240B3B7100E2754F /* WebService.swift in Sources */,
				8A726C14240B31D60047F9D6 /* SceneDelegate.swift in Sources */,
				8A482F4C240B3B2B00E2754F /* Team.swift in Sources */,
				8A726C42240B33B10047F9D6 /* HomeViewController.swift in Sources */,
			);
			runOnlyForDeploymentPostprocessing = 0;
		};
		8A726C20240B31DB0047F9D6 /* Sources */ = {
			isa = PBXSourcesBuildPhase;
			buildActionMask = 2147483647;
			files = (
				8A726C29240B31DB0047F9D6 /* NBATeamsTests.swift in Sources */,
			);
			runOnlyForDeploymentPostprocessing = 0;
		};
		8A726C2B240B31DB0047F9D6 /* Sources */ = {
			isa = PBXSourcesBuildPhase;
			buildActionMask = 2147483647;
			files = (
				8A726C34240B31DB0047F9D6 /* NBATeamsUITests.swift in Sources */,
			);
			runOnlyForDeploymentPostprocessing = 0;
		};
/* End PBXSourcesBuildPhase section */

/* Begin PBXTargetDependency section */
		8A726C26240B31DB0047F9D6 /* PBXTargetDependency */ = {
			isa = PBXTargetDependency;
			target = 8A726C0D240B31D60047F9D6 /* NBATeams */;
			targetProxy = 8A726C25240B31DB0047F9D6 /* PBXContainerItemProxy */;
		};
		8A726C31240B31DB0047F9D6 /* PBXTargetDependency */ = {
			isa = PBXTargetDependency;
			target = 8A726C0D240B31D60047F9D6 /* NBATeams */;
			targetProxy = 8A726C30240B31DB0047F9D6 /* PBXContainerItemProxy */;
		};
/* End PBXTargetDependency section */

/* Begin PBXVariantGroup section */
		8A726C1C240B31DA0047F9D6 /* LaunchScreen.storyboard */ = {
			isa = PBXVariantGroup;
			children = (
				8A726C1D240B31DA0047F9D6 /* Base */,
			);
			name = LaunchScreen.storyboard;
			sourceTree = "<group>";
		};
/* End PBXVariantGroup section */

/* Begin XCBuildConfiguration section */
		8A726C36240B31DB0047F9D6 /* Debug */ = {
			isa = XCBuildConfiguration;
			buildSettings = {
				ALWAYS_SEARCH_USER_PATHS = NO;
				CLANG_ANALYZER_NONNULL = YES;
				CLANG_ANALYZER_NUMBER_OBJECT_CONVERSION = YES_AGGRESSIVE;
				CLANG_CXX_LANGUAGE_STANDARD = "gnu++14";
				CLANG_CXX_LIBRARY = "libc++";
				CLANG_ENABLE_MODULES = YES;
				CLANG_ENABLE_OBJC_ARC = YES;
				CLANG_ENABLE_OBJC_WEAK = YES;
				CLANG_WARN_BLOCK_CAPTURE_AUTORELEASING = YES;
				CLANG_WARN_BOOL_CONVERSION = YES;
				CLANG_WARN_COMMA = YES;
				CLANG_WARN_CONSTANT_CONVERSION = YES;
				CLANG_WARN_DEPRECATED_OBJC_IMPLEMENTATIONS = YES;
				CLANG_WARN_DIRECT_OBJC_ISA_USAGE = YES_ERROR;
				CLANG_WARN_DOCUMENTATION_COMMENTS = YES;
				CLANG_WARN_EMPTY_BODY = YES;
				CLANG_WARN_ENUM_CONVERSION = YES;
				CLANG_WARN_INFINITE_RECURSION = YES;
				CLANG_WARN_INT_CONVERSION = YES;
				CLANG_WARN_NON_LITERAL_NULL_CONVERSION = YES;
				CLANG_WARN_OBJC_IMPLICIT_RETAIN_SELF = YES;
				CLANG_WARN_OBJC_LITERAL_CONVERSION = YES;
				CLANG_WARN_OBJC_ROOT_CLASS = YES_ERROR;
				CLANG_WARN_RANGE_LOOP_ANALYSIS = YES;
				CLANG_WARN_STRICT_PROTOTYPES = YES;
				CLANG_WARN_SUSPICIOUS_MOVE = YES;
				CLANG_WARN_UNGUARDED_AVAILABILITY = YES_AGGRESSIVE;
				CLANG_WARN_UNREACHABLE_CODE = YES;
				CLANG_WARN__DUPLICATE_METHOD_MATCH = YES;
				COPY_PHASE_STRIP = NO;
				DEBUG_INFORMATION_FORMAT = dwarf;
				ENABLE_STRICT_OBJC_MSGSEND = YES;
				ENABLE_TESTABILITY = YES;
				GCC_C_LANGUAGE_STANDARD = gnu11;
				GCC_DYNAMIC_NO_PIC = NO;
				GCC_NO_COMMON_BLOCKS = YES;
				GCC_OPTIMIZATION_LEVEL = 0;
				GCC_PREPROCESSOR_DEFINITIONS = (
					"DEBUG=1",
					"$(inherited)",
				);
				GCC_WARN_64_TO_32_BIT_CONVERSION = YES;
				GCC_WARN_ABOUT_RETURN_TYPE = YES_ERROR;
				GCC_WARN_UNDECLARED_SELECTOR = YES;
				GCC_WARN_UNINITIALIZED_AUTOS = YES_AGGRESSIVE;
				GCC_WARN_UNUSED_FUNCTION = YES;
				GCC_WARN_UNUSED_VARIABLE = YES;
				IPHONEOS_DEPLOYMENT_TARGET = 13.2;
				MTL_ENABLE_DEBUG_INFO = INCLUDE_SOURCE;
				MTL_FAST_MATH = YES;
				ONLY_ACTIVE_ARCH = YES;
				SDKROOT = iphoneos;
				SWIFT_ACTIVE_COMPILATION_CONDITIONS = DEBUG;
				SWIFT_OPTIMIZATION_LEVEL = "-Onone";
			};
			name = Debug;
		};
		8A726C37240B31DB0047F9D6 /* Release */ = {
			isa = XCBuildConfiguration;
			buildSettings = {
				ALWAYS_SEARCH_USER_PATHS = NO;
				CLANG_ANALYZER_NONNULL = YES;
				CLANG_ANALYZER_NUMBER_OBJECT_CONVERSION = YES_AGGRESSIVE;
				CLANG_CXX_LANGUAGE_STANDARD = "gnu++14";
				CLANG_CXX_LIBRARY = "libc++";
				CLANG_ENABLE_MODULES = YES;
				CLANG_ENABLE_OBJC_ARC = YES;
				CLANG_ENABLE_OBJC_WEAK = YES;
				CLANG_WARN_BLOCK_CAPTURE_AUTORELEASING = YES;
				CLANG_WARN_BOOL_CONVERSION = YES;
				CLANG_WARN_COMMA = YES;
				CLANG_WARN_CONSTANT_CONVERSION = YES;
				CLANG_WARN_DEPRECATED_OBJC_IMPLEMENTATIONS = YES;
				CLANG_WARN_DIRECT_OBJC_ISA_USAGE = YES_ERROR;
				CLANG_WARN_DOCUMENTATION_COMMENTS = YES;
				CLANG_WARN_EMPTY_BODY = YES;
				CLANG_WARN_ENUM_CONVERSION = YES;
				CLANG_WARN_INFINITE_RECURSION = YES;
				CLANG_WARN_INT_CONVERSION = YES;
				CLANG_WARN_NON_LITERAL_NULL_CONVERSION = YES;
				CLANG_WARN_OBJC_IMPLICIT_RETAIN_SELF = YES;
				CLANG_WARN_OBJC_LITERAL_CONVERSION = YES;
				CLANG_WARN_OBJC_ROOT_CLASS = YES_ERROR;
				CLANG_WARN_RANGE_LOOP_ANALYSIS = YES;
				CLANG_WARN_STRICT_PROTOTYPES = YES;
				CLANG_WARN_SUSPICIOUS_MOVE = YES;
				CLANG_WARN_UNGUARDED_AVAILABILITY = YES_AGGRESSIVE;
				CLANG_WARN_UNREACHABLE_CODE = YES;
				CLANG_WARN__DUPLICATE_METHOD_MATCH = YES;
				COPY_PHASE_STRIP = NO;
				DEBUG_INFORMATION_FORMAT = "dwarf-with-dsym";
				ENABLE_NS_ASSERTIONS = NO;
				ENABLE_STRICT_OBJC_MSGSEND = YES;
				GCC_C_LANGUAGE_STANDARD = gnu11;
				GCC_NO_COMMON_BLOCKS = YES;
				GCC_WARN_64_TO_32_BIT_CONVERSION = YES;
				GCC_WARN_ABOUT_RETURN_TYPE = YES_ERROR;
				GCC_WARN_UNDECLARED_SELECTOR = YES;
				GCC_WARN_UNINITIALIZED_AUTOS = YES_AGGRESSIVE;
				GCC_WARN_UNUSED_FUNCTION = YES;
				GCC_WARN_UNUSED_VARIABLE = YES;
				IPHONEOS_DEPLOYMENT_TARGET = 13.2;
				MTL_ENABLE_DEBUG_INFO = NO;
				MTL_FAST_MATH = YES;
				SDKROOT = iphoneos;
				SWIFT_COMPILATION_MODE = wholemodule;
				SWIFT_OPTIMIZATION_LEVEL = "-O";
				VALIDATE_PRODUCT = YES;
			};
			name = Release;
		};
		8A726C39240B31DB0047F9D6 /* Debug */ = {
			isa = XCBuildConfiguration;
			buildSettings = {
				ASSETCATALOG_COMPILER_APPICON_NAME = AppIcon;
				CODE_SIGN_STYLE = Automatic;
				INFOPLIST_FILE = NBATeams/Info.plist;
				LD_RUNPATH_SEARCH_PATHS = (
					"$(inherited)",
					"@executable_path/Frameworks",
				);
				PRODUCT_BUNDLE_IDENTIFIER = com.NBATeams;
				PRODUCT_NAME = "$(TARGET_NAME)";
				SWIFT_VERSION = 5.0;
				TARGETED_DEVICE_FAMILY = "1,2";
			};
			name = Debug;
		};
		8A726C3A240B31DB0047F9D6 /* Release */ = {
			isa = XCBuildConfiguration;
			buildSettings = {
				ASSETCATALOG_COMPILER_APPICON_NAME = AppIcon;
				CODE_SIGN_STYLE = Automatic;
				INFOPLIST_FILE = NBATeams/Info.plist;
				LD_RUNPATH_SEARCH_PATHS = (
					"$(inherited)",
					"@executable_path/Frameworks",
				);
				PRODUCT_BUNDLE_IDENTIFIER = com.NBATeams;
				PRODUCT_NAME = "$(TARGET_NAME)";
				SWIFT_VERSION = 5.0;
				TARGETED_DEVICE_FAMILY = "1,2";
			};
			name = Release;
		};
		8A726C3C240B31DB0047F9D6 /* Debug */ = {
			isa = XCBuildConfiguration;
			buildSettings = {
				ALWAYS_EMBED_SWIFT_STANDARD_LIBRARIES = YES;
				BUNDLE_LOADER = "$(TEST_HOST)";
				CODE_SIGN_STYLE = Automatic;
				INFOPLIST_FILE = NBATeamsTests/Info.plist;
				IPHONEOS_DEPLOYMENT_TARGET = 13.2;
				LD_RUNPATH_SEARCH_PATHS = (
					"$(inherited)",
					"@executable_path/Frameworks",
					"@loader_path/Frameworks",
				);
				PRODUCT_BUNDLE_IDENTIFIER = com.NBATeamsTests;
				PRODUCT_NAME = "$(TARGET_NAME)";
				SWIFT_VERSION = 5.0;
				TARGETED_DEVICE_FAMILY = "1,2";
				TEST_HOST = "$(BUILT_PRODUCTS_DIR)/NBATeams.app/NBATeams";
			};
			name = Debug;
		};
		8A726C3D240B31DB0047F9D6 /* Release */ = {
			isa = XCBuildConfiguration;
			buildSettings = {
				ALWAYS_EMBED_SWIFT_STANDARD_LIBRARIES = YES;
				BUNDLE_LOADER = "$(TEST_HOST)";
				CODE_SIGN_STYLE = Automatic;
				INFOPLIST_FILE = NBATeamsTests/Info.plist;
				IPHONEOS_DEPLOYMENT_TARGET = 13.2;
				LD_RUNPATH_SEARCH_PATHS = (
					"$(inherited)",
					"@executable_path/Frameworks",
					"@loader_path/Frameworks",
				);
				PRODUCT_BUNDLE_IDENTIFIER = com.NBATeamsTests;
				PRODUCT_NAME = "$(TARGET_NAME)";
				SWIFT_VERSION = 5.0;
				TARGETED_DEVICE_FAMILY = "1,2";
				TEST_HOST = "$(BUILT_PRODUCTS_DIR)/NBATeams.app/NBATeams";
			};
			name = Release;
		};
		8A726C3F240B31DB0047F9D6 /* Debug */ = {
			isa = XCBuildConfiguration;
			buildSettings = {
				ALWAYS_EMBED_SWIFT_STANDARD_LIBRARIES = YES;
				CODE_SIGN_STYLE = Automatic;
				INFOPLIST_FILE = NBATeamsUITests/Info.plist;
				LD_RUNPATH_SEARCH_PATHS = (
					"$(inherited)",
					"@executable_path/Frameworks",
					"@loader_path/Frameworks",
				);
				PRODUCT_BUNDLE_IDENTIFIER = com.NBATeamsUITests;
				PRODUCT_NAME = "$(TARGET_NAME)";
				SWIFT_VERSION = 5.0;
				TARGETED_DEVICE_FAMILY = "1,2";
				TEST_TARGET_NAME = NBATeams;
			};
			name = Debug;
		};
		8A726C40240B31DB0047F9D6 /* Release */ = {
			isa = XCBuildConfiguration;
			buildSettings = {
				ALWAYS_EMBED_SWIFT_STANDARD_LIBRARIES = YES;
				CODE_SIGN_STYLE = Automatic;
				INFOPLIST_FILE = NBATeamsUITests/Info.plist;
				LD_RUNPATH_SEARCH_PATHS = (
					"$(inherited)",
					"@executable_path/Frameworks",
					"@loader_path/Frameworks",
				);
				PRODUCT_BUNDLE_IDENTIFIER = com.NBATeamsUITests;
				PRODUCT_NAME = "$(TARGET_NAME)";
				SWIFT_VERSION = 5.0;
				TARGETED_DEVICE_FAMILY = "1,2";
				TEST_TARGET_NAME = NBATeams;
			};
			name = Release;
		};
/* End XCBuildConfiguration section */

/* Begin XCConfigurationList section */
		8A726C09240B31D60047F9D6 /* Build configuration list for PBXProject "NBATeams" */ = {
			isa = XCConfigurationList;
			buildConfigurations = (
				8A726C36240B31DB0047F9D6 /* Debug */,
				8A726C37240B31DB0047F9D6 /* Release */,
			);
			defaultConfigurationIsVisible = 0;
			defaultConfigurationName = Release;
		};
		8A726C38240B31DB0047F9D6 /* Build configuration list for PBXNativeTarget "NBATeams" */ = {
			isa = XCConfigurationList;
			buildConfigurations = (
				8A726C39240B31DB0047F9D6 /* Debug */,
				8A726C3A240B31DB0047F9D6 /* Release */,
			);
			defaultConfigurationIsVisible = 0;
			defaultConfigurationName = Release;
		};
		8A726C3B240B31DB0047F9D6 /* Build configuration list for PBXNativeTarget "NBATeamsTests" */ = {
			isa = XCConfigurationList;
			buildConfigurations = (
				8A726C3C240B31DB0047F9D6 /* Debug */,
				8A726C3D240B31DB0047F9D6 /* Release */,
			);
			defaultConfigurationIsVisible = 0;
			defaultConfigurationName = Release;
		};
		8A726C3E240B31DB0047F9D6 /* Build configuration list for PBXNativeTarget "NBATeamsUITests" */ = {
			isa = XCConfigurationList;
			buildConfigurations = (
				8A726C3F240B31DB0047F9D6 /* Debug */,
				8A726C40240B31DB0047F9D6 /* Release */,
			);
			defaultConfigurationIsVisible = 0;
			defaultConfigurationName = Release;
		};
/* End XCConfigurationList section */
	};
	rootObject = 8A726C06240B31D60047F9D6 /* Project object */;
}
